
Microsoft Visual Studio Solution File, Format Version 12.00
# Visual Studio Version 16
VisualStudioVersion = 16.0.29424.173
MinimumVisualStudioVersion = 10.0.40219.1
Project("{9A19103F-16F7-4668-BE54-9A1E7A4F7556}") = "FocusMaster", "FocusMaster\FocusMaster.csproj", "{B88F9628-7270-48E2-8CEC-0D85C7DE59D8}"
	ProjectSection(ProjectDependencies) = postProject
		{38C8BB03-FCEB-40ED-90C0-8655DD9B15FC} = {38C8BB03-FCEB-40ED-90C0-8655DD9B15FC}
	EndProjectSection
EndProject
Project("{FAE04EC0-301F-11D3-BF4B-00C04F79EFBC}") = "WinLib", "WinLib\WinLib.csproj", "{38C8BB03-FCEB-40ED-90C0-8655DD9B15FC}"
EndProject
Global
	GlobalSection(SolutionConfigurationPlatforms) = preSolution
		Debug|Any CPU = Debug|Any CPU
		Release|Any CPU = Release|Any CPU
	EndGlobalSection
	GlobalSection(ProjectConfigurationPlatforms) = postSolution
		{B88F9628-7270-48E2-8CEC-0D85C7DE59D8}.Debug|Any CPU.ActiveCfg = Debug|Any CPU
		{B88F9628-7270-48E2-8CEC-0D85C7DE59D8}.Debug|Any CPU.Build.0 = Debug|Any CPU
		{B88F9628-7270-48E2-8CEC-0D85C7DE59D8}.Release|Any CPU.ActiveCfg = Release|Any CPU
		{B88F9628-7270-48E2-8CEC-0D85C7DE59D8}.Release|Any CPU.Build.0 = Release|Any CPU
		{38C8BB03-FCEB-40ED-90C0-8655DD9B15FC}.Debug|Any CPU.ActiveCfg = Debug|Any CPU
		{38C8BB03-FCEB-40ED-90C0-8655DD9B15FC}.Debug|Any CPU.Build.0 = Debug|Any CPU
		{38C8BB03-FCEB-40ED-90C0-8655DD9B15FC}.Release|Any CPU.ActiveCfg = Release|Any CPU
		{38C8BB03-FCEB-40ED-90C0-8655DD9B15FC}.Release|Any CPU.Build.0 = Release|Any CPU
	EndGlobalSection
	GlobalSection(SolutionProperties) = preSolution
		HideSolutionNode = FALSE
	EndGlobalSection
	GlobalSection(ExtensibilityGlobals) = postSolution
		SolutionGuid = {4AB93D20-64C8-4BE2-9E6D-C98A6630EF2D}
	EndGlobalSection
EndGlobal
